{
  "name": "@isaacs/minimist-git-dep",
  "version": "1.0.2",
  "lockfileVersion": 2,
  "requires": true,
  "packages": {
    "": {
      "name": "@isaacs/minimist-git-dep",
      "version": "1.0.2",
      "peerDependencies": {
        "minimist": "github:substack/minimist#3754568bfd43a841d2d72d7fb54598635aea8fa4"
      }
    },
    "node_modules/minimist": {
      "version": "0.0.8",
      "resolved": "git+ssh://git@github.com/substack/minimist.git#3754568bfd43a841d2d72d7fb54598635aea8fa4",
      "integrity": "sha512-dYEyruIho8J+fbL60i3+R+9WbvX0YIN2uomWgCr06hT0AHu9O6BhIl5z5FRiJUgykJ1dzb092eR/FjBtnKEb8w==",
      "license": "MIT",
      "peer": true
    }
  },
  "dependencies": {
    "minimist": {
      "version": "git+ssh://git@github.com/substack/minimist.git#3754568bfd43a841d2d72d7fb54598635aea8fa4",
      "integrity": "sha512-dYEyruIho8J+fbL60i3+R+9WbvX0YIN2uomWgCr06hT0AHu9O6BhIl5z5FRiJUgykJ1dzb092eR/FjBtnKEb8w==",
      "from": "minimist@github:substack/minimist#3754568bfd43a841d2d72d7fb54598635aea8fa4",
      "peer": true
    }
  }
}
