{
  "lockfileVersion": 1,
  "workspaces": {
    "": {
      "name": "react-hello-world",
      "dependencies": {
        "react": "next",
        "react-dom": "next",
      },
    },
  },
  "packages": {
    "js-tokens": ["js-tokens@4.0.0", "", {}, "sha512-RdJUflcE3cUzKiMqQgsCu06FPu9UdIJO0beYbPhHN4k6apgJtifcoCtT9bcxOpYBtpD2kCM6Sbzg4CausW/PKQ=="],

    "loose-envify": ["loose-envify@1.4.0", "", { "dependencies": { "js-tokens": "^3.0.0 || ^4.0.0" }, "bin": { "loose-envify": "cli.js" } }, "sha512-lyuxPGr/Wfhrlem2CL/UcnUc1zcqKAImBDzukY7Y5F/yQiNdko6+fRLevlw1HgMySw7f611UIY408EtxRSoK3Q=="],

    "react": ["react@18.3.0-next-b72ed698f-20230303", "", { "dependencies": { "loose-envify": "^1.1.0" } }, "sha512-l6RbwXa9Peerh9pQEq62DDypxSQfavbybY0wV1vwZ63X0P5VaaEesZAz1KPpnVvXjTtQaOMQsIPvnQwmaVqzTQ=="],

    "react-dom": ["react-dom@18.3.0-next-b72ed698f-20230303", "", { "dependencies": { "loose-envify": "^1.1.0", "scheduler": "0.24.0-next-b72ed698f-20230303" }, "peerDependencies": { "react": "18.3.0-next-b72ed698f-20230303" } }, "sha512-0Gh/gmTT6H8KxswIQB/8shdTTfs6QIu86nNqZf3Y0RBqIwgTVxRaQVz14/Fw4/Nt81nK/Jt6KT4bx3yvOxZDGQ=="],

    "scheduler": ["scheduler@0.24.0-next-b72ed698f-20230303", "", { "dependencies": { "loose-envify": "^1.1.0" } }, "sha512-ct4DMMFbc2kFxCdvbG+i/Jn1S1oqrIFSn2VX/mam+Ya0iuNy+lb8rgT7A+YBUqrQNDaNEqABYI2sOQgqoRxp7w=="],
  }
}
