{
  "lockfileVersion": 1,
  "workspaces": {
    "": {
      "dependencies": {
        "@actions/core": "latest",
        "p-queue": "^8.0.1",
      },
      "devDependencies": {
        "@types/p-queue": "^3.2.1",
        "bun-types": "canary",
        "prettier": "^2.8.2",
      },
    },
    "runners/bun": {
      "name": "bun",
    },
    "runners/qunit": {
      "name": "qunit",
    },
  },
  "packages": {
    "@actions/core": ["@actions/core@1.10.1", "", { "dependencies": { "@actions/http-client": "^2.0.1", "uuid": "^8.3.2" } }, "sha512-3lBR9EDAY+iYIpTnTIXmWcNbX3T2kCkAEQGIQx4NVQ0575nk2k3GRZDTPQG+vVtS2izSLmINlxXf0uLtnrTP+g=="],

    "@actions/http-client": ["@actions/http-client@2.1.1", "", { "dependencies": { "tunnel": "^0.0.6" } }, "sha512-qhrkRMB40bbbLo7gF+0vu+X+UawOvQQqNAA/5Unx774RS8poaOhThDOG6BGmxvAnxhQnDp2BG/ZUm65xZILTpw=="],

    "@types/p-queue": ["@types/p-queue@3.2.1", "", { "dependencies": { "p-queue": "*" } }, "sha512-tgAdn5zEs05NuHzOyRM34cMO0rczStphR/kLo/ZJwwwJ5S2+QVxwA6gST3vDHWPB1oDfUuT6wOouhJvJkBCA0w=="],

    "bun": ["bun@workspace:runners/bun"],

    "bun-types": ["bun-types@1.0.4-canary.20230929T233451", "", {}, "sha512-Ke/y3GX0T2ZYKx0UKKCnFRRP9bXzVRcRZCrIlF5/aRNEpgbfrMBw+s5imPqrV2CqJ7q6kIbMikCahzMr4N9PTg=="],

    "eventemitter3": ["eventemitter3@5.0.1", "", {}, "sha512-GWkBvjiSZK87ELrYOSESUYeVIc9mvLLf/nXalMOS5dYrgZq9o5OVkbZAVM06CVxYsCwH9BDZFPlQTlPA1j4ahA=="],

    "p-queue": ["p-queue@8.0.1", "", { "dependencies": { "eventemitter3": "^5.0.1", "p-timeout": "^6.1.2" } }, "sha512-NXzu9aQJTAzbBqOt2hwsR63ea7yvxJc0PwN/zobNAudYfb1B7R08SzB4TsLeSbUCuG467NhnoT0oO6w1qRO+BA=="],

    "p-timeout": ["p-timeout@6.1.2", "", {}, "sha512-UbD77BuZ9Bc9aABo74gfXhNvzC9Tx7SxtHSh1fxvx3jTLLYvmVhiQZZrJzqqU0jKbN32kb5VOKiLEQI/3bIjgQ=="],

    "prettier": ["prettier@2.8.8", "", { "bin": { "prettier": "bin-prettier.js" } }, "sha512-tdN8qQGvNjw4CHbY+XXk0JgCXn9QiF21a55rBe5LJAU+kDyC4WQn4+awm2Xfk2lQMk5fKup9XgzTZtGkjBdP9Q=="],

    "qunit": ["qunit@workspace:runners/qunit"],

    "tunnel": ["tunnel@0.0.6", "", {}, "sha512-1h/Lnq9yajKY2PEbBadPXj3VxsDDu844OnaAo52UVmIzIvwwtBPIuNvkjuzBlTWpfJyUbG3ez0KSBibQkj4ojg=="],

    "uuid": ["uuid@8.3.2", "", { "bin": { "uuid": "dist/bin/uuid" } }, "sha512-+NYs2QeMWy+GWFOEm9xnn6HCDp0l7QBD7ml8zLUmJ+93Q5NF0NocErnwkTkXVFNiX3/fpC6afS8Dhb/gz7R7eg=="],
  }
}
