{
  "lockfileVersion": 1,
  "workspaces": {
    "": {
      "name": "bun-framework-react",
      "dependencies": {
        "react": "^0.0.0-experimental-ef889445-20250930",
        "react-dom": "^0.0.0-experimental-ef889445-20250930",
        "react-refresh": "^0.0.0-experimental-ef889445-20250930",
      },
      "devDependencies": {
        "@types/react": "^19.1.13",
        "@types/react-dom": "^19.1.9",
      },
    },
  },
  "packages": {
    "@types/react": ["@types/react@19.1.13", "", { "dependencies": { "csstype": "^3.0.2" } }, "sha512-hHkbU/eoO3EG5/MZkuFSKmYqPbSVk5byPFa3e7y/8TybHiLMACgI8seVYlicwk7H5K/rI2px9xrQp/C+AUDTiQ=="],

    "@types/react-dom": ["@types/react-dom@19.1.9", "", { "peerDependencies": { "@types/react": "^19.0.0" } }, "sha512-qXRuZaOsAdXKFyOhRBg6Lqqc0yay13vN7KrIg4L7N4aaHN68ma9OK3NE1BoDFgFOTfM7zg+3/8+2n8rLUH3OKQ=="],

    "csstype": ["csstype@3.1.3", "", {}, "sha512-M1uQkMl8rQK/szD0LNhtqxIPLpimGm8sOBwU7lLnCpSbTyY3yeU1Vc7l4KT5zT4s/yOxHH5O7tIuuLOCnLADRw=="],

    "react": ["react@0.0.0-experimental-ef889445-20250930", "", {}, "sha512-KVwhRIlvwh/FD8PVHkSlosAP9+PhHW2U63RJOteZaYgZv5OTRgXPZkKwelcWwAqcntntLjqH8LaYsTnGWOY2CQ=="],

    "react-dom": ["react-dom@0.0.0-experimental-ef889445-20250930", "", { "dependencies": { "scheduler": "0.0.0-experimental-ef889445-20250930" }, "peerDependencies": { "react": "0.0.0-experimental-ef889445-20250930" } }, "sha512-NxFoE259P9Ndg+M/JKTbNYdMQ0qc7DWvLrw4xsge2rOxJXxK5a+SmfAjteXJJIddSZHM/+c+hKGcaYFa3WJ2iQ=="],

    "react-refresh": ["react-refresh@0.0.0-experimental-ef889445-20250930", "", {}, "sha512-Ux3lsHvNGGJ7eknz7lqmCfrkOOKHG+2znsWISXvWGnZ5/+9YelfK0ht8lXH8fkbeHf44UG6/QrZ/zn4Vznt7sw=="],

    "scheduler": ["scheduler@0.0.0-experimental-ef889445-20250930", "", {}, "sha512-nQrKdca1hhFcnUJt4hEGd5NSzp4mJxqtUB+B6XYq+Ju5RBGqselw7+LHYkAcuxycYzhGNqQN9fVx5Qimsgi2Hg=="],
  }
}
