{
  "name": "@isaacs/testing-rebuild-bundle-parent",
  "version": "1.0.1",
  "lockfileVersion": 2,
  "requires": true,
  "packages": {
    "": {
      "name": "@isaacs/testing-rebuild-bundle-parent",
      "version": "1.0.1",
      "dependencies": {
        "@isaacs/testing-rebuild-bundle-a": ""
      }
    },
    "node_modules/@isaacs/testing-rebuild-bundle-a": {
      "version": "1.0.2",
      "resolved": "https://registry.npmjs.org/@isaacs/testing-rebuild-bundle-a/-/testing-rebuild-bundle-a-1.0.2.tgz",
      "integrity": "sha512-iMx/CGv5Z5dHRdeuYDoaCy0Nfgg0ih9G23C4bwoYPbkdXemc8ahbE9AFJ7jCP0u0hm5ZoZiP11FLN1i7ADhRbA==",
      "bundleDependencies": [
        "@isaacs/testing-rebuild-bundle-b"
      ],
      "dependencies": {
        "@isaacs/testing-rebuild-bundle-b": ""
      }
    },
    "node_modules/@isaacs/testing-rebuild-bundle-a/node_modules/@isaacs/testing-rebuild-bundle-b": {
      "version": "1.0.1",
      "hasInstallScript": true,
      "inBundle": true
    }
  },
  "dependencies": {
    "@isaacs/testing-rebuild-bundle-a": {
      "version": "1.0.2",
      "resolved": "https://registry.npmjs.org/@isaacs/testing-rebuild-bundle-a/-/testing-rebuild-bundle-a-1.0.2.tgz",
      "integrity": "sha512-iMx/CGv5Z5dHRdeuYDoaCy0Nfgg0ih9G23C4bwoYPbkdXemc8ahbE9AFJ7jCP0u0hm5ZoZiP11FLN1i7ADhRbA==",
      "requires": {
        "@isaacs/testing-rebuild-bundle-b": ""
      },
      "dependencies": {
        "@isaacs/testing-rebuild-bundle-b": {
          "version": "1.0.1",
          "bundled": true
        }
      }
    }
  }
}
