{
  "name": "audit-linked-package",
  "lockfileVersion": 3,
  "requires": true,
  "packages": {
    "": {
      "name": "audit-linked-package",
      "dependencies": {
        "electron-test-app": "1.0.0"
      }
    },
    "node_modules/electron-test-app": {
      "resolved": "resolved/electron-test-app",
      "link": true
    },
    "resolved/electron-test-app": {
      "version": "1.0.0"
    }
  }
}
